
Microsoft Visual Studio Solution File, Format Version 12.00
# Visual Studio Version 17
VisualStudioVersion = 17.10.35201.131
MinimumVisualStudioVersion = 10.0.40219.1
Project("{FAE04EC0-301F-11D3-BF4B-00C04F79EFBC}") = "SenseNetForMarkusBlack", "SenseNetForMarkusBlack\SenseNetForMarkusBlack.csproj", "{DBDE9CDB-D03C-4574-8DEE-B9C8DD975D22}"
EndProject
Global
	GlobalSection(SolutionConfigurationPlatforms) = preSolution
		Debug|Any CPU = Debug|Any CPU
		Release|Any CPU = Release|Any CPU
	EndGlobalSection
	GlobalSection(ProjectConfigurationPlatforms) = postSolution
		{DBDE9CDB-D03C-4574-8DEE-B9C8DD975D22}.Debug|Any CPU.ActiveCfg = Debug|Any CPU
		{DBDE9CDB-D03C-4574-8DEE-B9C8DD975D22}.Debug|Any CPU.Build.0 = Debug|Any CPU
		{DBDE9CDB-D03C-4574-8DEE-B9C8DD975D22}.Release|Any CPU.ActiveCfg = Release|Any CPU
		{DBDE9CDB-D03C-4574-8DEE-B9C8DD975D22}.Release|Any CPU.Build.0 = Release|Any CPU
	EndGlobalSection
	GlobalSection(SolutionProperties) = preSolution
		HideSolutionNode = FALSE
	EndGlobalSection
	GlobalSection(ExtensibilityGlobals) = postSolution
		SolutionGuid = {7B89707D-8D96-4516-905B-F26AE4AFAE67}
	EndGlobalSection
EndGlobal
